
Microsoft Visual Studio Solution File, Format Version 12.00
# Visual Studio 15
VisualStudioVersion = 15.0.27703.2042
MinimumVisualStudioVersion = 10.0.40219.1
Project("{FAE04EC0-301F-11D3-BF4B-00C04F79EFBC}") = "HelpfulTools", "HelpfulTools\HelpfulTools.csproj", "{76E810E5-E3B3-489A-B424-509FEECF7133}"
EndProject
Global
	GlobalSection(SolutionConfigurationPlatforms) = preSolution
		Debug|Any CPU = Debug|Any CPU
		Release|Any CPU = Release|Any CPU
	EndGlobalSection
	GlobalSection(ProjectConfigurationPlatforms) = postSolution
		{76E810E5-E3B3-489A-B424-509FEECF7133}.Debug|Any CPU.ActiveCfg = Debug|Any CPU
		{76E810E5-E3B3-489A-B424-509FEECF7133}.Debug|Any CPU.Build.0 = Debug|Any CPU
		{76E810E5-E3B3-489A-B424-509FEECF7133}.Release|Any CPU.ActiveCfg = Release|Any CPU
		{76E810E5-E3B3-489A-B424-509FEECF7133}.Release|Any CPU.Build.0 = Release|Any CPU
	EndGlobalSection
	GlobalSection(SolutionProperties) = preSolution
		HideSolutionNode = FALSE
	EndGlobalSection
	GlobalSection(ExtensibilityGlobals) = postSolution
		SolutionGuid = {4EFD46F0-7B48-488E-B56B-3EAC1E8780CF}
	EndGlobalSection
EndGlobal
